
Microsoft Visual Studio Solution File, Format Version 12.00
# Visual Studio Version 17
VisualStudioVersion = 17.3.32901.215
MinimumVisualStudioVersion = 10.0.40219.1
Project("{FAE04EC0-301F-11D3-BF4B-00C04F79EFBC}") = "Notes.Api", "Notes.Api\Notes.Api.csproj", "{F81BC1D5-5AC5-4740-8AFA-A47E434C5B78}"
EndProject
Project("{FAE04EC0-301F-11D3-BF4B-00C04F79EFBC}") = "Notes.Infraestructure", "Notes.Infraestructure\Notes.Infraestructure.csproj", "{72613F1C-193D-4899-9462-4993DC320DA6}"
EndProject
Project("{FAE04EC0-301F-11D3-BF4B-00C04F79EFBC}") = "Notes.Model", "Notes.Model\Notes.Model.csproj", "{A242C209-834E-4D2A-B7CB-5CCC311D8751}"
EndProject
Global
	GlobalSection(SolutionConfigurationPlatforms) = preSolution
		Debug|Any CPU = Debug|Any CPU
		Release|Any CPU = Release|Any CPU
	EndGlobalSection
	GlobalSection(ProjectConfigurationPlatforms) = postSolution
		{F81BC1D5-5AC5-4740-8AFA-A47E434C5B78}.Debug|Any CPU.ActiveCfg = Debug|Any CPU
		{F81BC1D5-5AC5-4740-8AFA-A47E434C5B78}.Debug|Any CPU.Build.0 = Debug|Any CPU
		{F81BC1D5-5AC5-4740-8AFA-A47E434C5B78}.Release|Any CPU.ActiveCfg = Release|Any CPU
		{F81BC1D5-5AC5-4740-8AFA-A47E434C5B78}.Release|Any CPU.Build.0 = Release|Any CPU
		{72613F1C-193D-4899-9462-4993DC320DA6}.Debug|Any CPU.ActiveCfg = Debug|Any CPU
		{72613F1C-193D-4899-9462-4993DC320DA6}.Debug|Any CPU.Build.0 = Debug|Any CPU
		{72613F1C-193D-4899-9462-4993DC320DA6}.Release|Any CPU.ActiveCfg = Release|Any CPU
		{72613F1C-193D-4899-9462-4993DC320DA6}.Release|Any CPU.Build.0 = Release|Any CPU
		{A242C209-834E-4D2A-B7CB-5CCC311D8751}.Debug|Any CPU.ActiveCfg = Debug|Any CPU
		{A242C209-834E-4D2A-B7CB-5CCC311D8751}.Debug|Any CPU.Build.0 = Debug|Any CPU
		{A242C209-834E-4D2A-B7CB-5CCC311D8751}.Release|Any CPU.ActiveCfg = Release|Any CPU
		{A242C209-834E-4D2A-B7CB-5CCC311D8751}.Release|Any CPU.Build.0 = Release|Any CPU
	EndGlobalSection
	GlobalSection(SolutionProperties) = preSolution
		HideSolutionNode = FALSE
	EndGlobalSection
	GlobalSection(ExtensibilityGlobals) = postSolution
		SolutionGuid = {6F97CF8E-053A-407D-9B32-9E8276DE9B6B}
	EndGlobalSection
EndGlobal
